
Microsoft Visual Studio Solution File, Format Version 12.00
# Visual Studio 2012
Project("{FAE04EC0-301F-11D3-BF4B-00C04F79EFBC}") = "ProductInfomationLib", "ProductInfomationLib\ProductInfomationLib.csproj", "{019713E5-0931-46A6-B141-2DE3019D248A}"
EndProject
Global
	GlobalSection(SolutionConfigurationPlatforms) = preSolution
		Debug|Any CPU = Debug|Any CPU
		Release|Any CPU = Release|Any CPU
	EndGlobalSection
	GlobalSection(ProjectConfigurationPlatforms) = postSolution
		{019713E5-0931-46A6-B141-2DE3019D248A}.Debug|Any CPU.ActiveCfg = Debug|Any CPU
		{019713E5-0931-46A6-B141-2DE3019D248A}.Debug|Any CPU.Build.0 = Debug|Any CPU
		{019713E5-0931-46A6-B141-2DE3019D248A}.Release|Any CPU.ActiveCfg = Release|Any CPU
		{019713E5-0931-46A6-B141-2DE3019D248A}.Release|Any CPU.Build.0 = Release|Any CPU
	EndGlobalSection
	GlobalSection(SolutionProperties) = preSolution
		HideSolutionNode = FALSE
	EndGlobalSection
EndGlobal
